
Microsoft Visual Studio Solution File, Format Version 12.00
Project("{FAE04EC0-301F-11D3-BF4B-00C04F79EFBC}") = "AdventOfCode.Console", "AdventOfCode.Console\AdventOfCode.Console.csproj", "{4ED032AB-3200-4643-ACB4-CB71A3ADBDAC}"
EndProject
Project("{F2A71F9B-5D33-465A-A702-920D77279786}") = "AdventOfCode.Runner", "AdventOfCode.Runner\AdventOfCode.Runner.fsproj", "{10C9199B-882B-4533-A484-66230EA7FE34}"
EndProject
Global
	GlobalSection(SolutionConfigurationPlatforms) = preSolution
		Debug|Any CPU = Debug|Any CPU
		Release|Any CPU = Release|Any CPU
	EndGlobalSection
	GlobalSection(ProjectConfigurationPlatforms) = postSolution
		{4ED032AB-3200-4643-ACB4-CB71A3ADBDAC}.Debug|Any CPU.ActiveCfg = Debug|Any CPU
		{4ED032AB-3200-4643-ACB4-CB71A3ADBDAC}.Debug|Any CPU.Build.0 = Debug|Any CPU
		{4ED032AB-3200-4643-ACB4-CB71A3ADBDAC}.Release|Any CPU.ActiveCfg = Release|Any CPU
		{4ED032AB-3200-4643-ACB4-CB71A3ADBDAC}.Release|Any CPU.Build.0 = Release|Any CPU
		{10C9199B-882B-4533-A484-66230EA7FE34}.Debug|Any CPU.ActiveCfg = Debug|Any CPU
		{10C9199B-882B-4533-A484-66230EA7FE34}.Debug|Any CPU.Build.0 = Debug|Any CPU
		{10C9199B-882B-4533-A484-66230EA7FE34}.Release|Any CPU.ActiveCfg = Release|Any CPU
		{10C9199B-882B-4533-A484-66230EA7FE34}.Release|Any CPU.Build.0 = Release|Any CPU
	EndGlobalSection
EndGlobal
